
Microsoft Visual Studio Solution File, Format Version 12.00
# Visual Studio Version 16
VisualStudioVersion = 16.0.30011.22
MinimumVisualStudioVersion = 10.0.40219.1
Project("{FAE04EC0-301F-11D3-BF4B-00C04F79EFBC}") = "SalesWebMvc", "SalesWebMvc\SalesWebMvc.csproj", "{E9D338D8-E7DD-45C8-896A-0DB95C15CC14}"
EndProject
Global
	GlobalSection(SolutionConfigurationPlatforms) = preSolution
		Debug|Any CPU = Debug|Any CPU
		Release|Any CPU = Release|Any CPU
	EndGlobalSection
	GlobalSection(ProjectConfigurationPlatforms) = postSolution
		{E9D338D8-E7DD-45C8-896A-0DB95C15CC14}.Debug|Any CPU.ActiveCfg = Debug|Any CPU
		{E9D338D8-E7DD-45C8-896A-0DB95C15CC14}.Debug|Any CPU.Build.0 = Debug|Any CPU
		{E9D338D8-E7DD-45C8-896A-0DB95C15CC14}.Release|Any CPU.ActiveCfg = Release|Any CPU
		{E9D338D8-E7DD-45C8-896A-0DB95C15CC14}.Release|Any CPU.Build.0 = Release|Any CPU
	EndGlobalSection
	GlobalSection(SolutionProperties) = preSolution
		HideSolutionNode = FALSE
	EndGlobalSection
	GlobalSection(ExtensibilityGlobals) = postSolution
		SolutionGuid = {030C8BE3-4872-4D39-90B1-3A81F99D858D}
	EndGlobalSection
EndGlobal
